
Microsoft Visual Studio Solution File, Format Version 12.00
# Visual Studio Version 17
VisualStudioVersion = 17.2.32519.379
MinimumVisualStudioVersion = 10.0.40219.1
Project("{FAE04EC0-301F-11D3-BF4B-00C04F79EFBC}") = "DiscordBots", "DiscordBots\DiscordBots.csproj", "{1542F8E9-5C12-4D18-BC7E-44F1B276E826}"
EndProject
Global
	GlobalSection(SolutionConfigurationPlatforms) = preSolution
		Debug|Any CPU = Debug|Any CPU
		Release|Any CPU = Release|Any CPU
	EndGlobalSection
	GlobalSection(ProjectConfigurationPlatforms) = postSolution
		{1542F8E9-5C12-4D18-BC7E-44F1B276E826}.Debug|Any CPU.ActiveCfg = Debug|Any CPU
		{1542F8E9-5C12-4D18-BC7E-44F1B276E826}.Debug|Any CPU.Build.0 = Debug|Any CPU
		{1542F8E9-5C12-4D18-BC7E-44F1B276E826}.Release|Any CPU.ActiveCfg = Release|Any CPU
		{1542F8E9-5C12-4D18-BC7E-44F1B276E826}.Release|Any CPU.Build.0 = Release|Any CPU
	EndGlobalSection
	GlobalSection(SolutionProperties) = preSolution
		HideSolutionNode = FALSE
	EndGlobalSection
	GlobalSection(ExtensibilityGlobals) = postSolution
		SolutionGuid = {A4FB6C52-1221-44CF-A149-D018A4EBA932}
	EndGlobalSection
EndGlobal
